
Microsoft Visual Studio Solution File, Format Version 12.00
# Visual Studio Version 17
VisualStudioVersion = 17.0.32112.339
MinimumVisualStudioVersion = 10.0.40219.1
Project("{888888A0-9F3D-457C-B088-3A5042F75D52}") = "pytdd", "pytdd\pytdd.pyproj", "{5F5EFA84-B7F3-4CD6-AFEB-60291FEBEBB3}"
EndProject
Project("{8BC9CEB8-8B4A-11D0-8D11-00A0C91BC942}") = "ctdd", "ctdd\ctdd.vcxproj", "{809258FC-9607-4DE8-A5D9-1E3151A61FB6}"
EndProject
Project("{888888A0-9F3D-457C-B088-3A5042F75D52}") = "TensorNetwork", "..\TensorNetwork\TensorNetwork.pyproj", "{DAC09AED-7A7A-4C26-995E-95D30C60DE21}"
EndProject
Project("{888888A0-9F3D-457C-B088-3A5042F75D52}") = "QNN", "..\QNN\QNN.pyproj", "{B0D633E9-3C09-4501-A41F-5EFB05CE842A}"
EndProject
Global
	GlobalSection(SolutionConfigurationPlatforms) = preSolution
		build|Any CPU = build|Any CPU
		build|x64 = build|x64
		build|x86 = build|x86
		Debug|Any CPU = Debug|Any CPU
		Debug|x64 = Debug|x64
		Debug|x86 = Debug|x86
		Inner|Any CPU = Inner|Any CPU
		Inner|x64 = Inner|x64
		Inner|x86 = Inner|x86
		Release|Any CPU = Release|Any CPU
		Release|x64 = Release|x64
		Release|x86 = Release|x86
	EndGlobalSection
	GlobalSection(ProjectConfigurationPlatforms) = postSolution
		{5F5EFA84-B7F3-4CD6-AFEB-60291FEBEBB3}.build|Any CPU.ActiveCfg = build|Any CPU
		{5F5EFA84-B7F3-4CD6-AFEB-60291FEBEBB3}.build|x64.ActiveCfg = build|Any CPU
		{5F5EFA84-B7F3-4CD6-AFEB-60291FEBEBB3}.build|x86.ActiveCfg = build|Any CPU
		{5F5EFA84-B7F3-4CD6-AFEB-60291FEBEBB3}.Debug|Any CPU.ActiveCfg = Debug|Any CPU
		{5F5EFA84-B7F3-4CD6-AFEB-60291FEBEBB3}.Debug|x64.ActiveCfg = Debug|Any CPU
		{5F5EFA84-B7F3-4CD6-AFEB-60291FEBEBB3}.Debug|x86.ActiveCfg = Debug|Any CPU
		{5F5EFA84-B7F3-4CD6-AFEB-60291FEBEBB3}.Inner|Any CPU.ActiveCfg = Inner|Any CPU
		{5F5EFA84-B7F3-4CD6-AFEB-60291FEBEBB3}.Inner|x64.ActiveCfg = Debug|Any CPU
		{5F5EFA84-B7F3-4CD6-AFEB-60291FEBEBB3}.Inner|x86.ActiveCfg = Inner|Any CPU
		{5F5EFA84-B7F3-4CD6-AFEB-60291FEBEBB3}.Release|Any CPU.ActiveCfg = Release|Any CPU
		{5F5EFA84-B7F3-4CD6-AFEB-60291FEBEBB3}.Release|x64.ActiveCfg = Release|Any CPU
		{5F5EFA84-B7F3-4CD6-AFEB-60291FEBEBB3}.Release|x86.ActiveCfg = Release|Any CPU
		{809258FC-9607-4DE8-A5D9-1E3151A61FB6}.build|Any CPU.ActiveCfg = build|x64
		{809258FC-9607-4DE8-A5D9-1E3151A61FB6}.build|Any CPU.Build.0 = build|x64
		{809258FC-9607-4DE8-A5D9-1E3151A61FB6}.build|x64.ActiveCfg = build|x64
		{809258FC-9607-4DE8-A5D9-1E3151A61FB6}.build|x64.Build.0 = build|x64
		{809258FC-9607-4DE8-A5D9-1E3151A61FB6}.build|x86.ActiveCfg = build|Win32
		{809258FC-9607-4DE8-A5D9-1E3151A61FB6}.build|x86.Build.0 = build|Win32
		{809258FC-9607-4DE8-A5D9-1E3151A61FB6}.Debug|Any CPU.ActiveCfg = Debug|x64
		{809258FC-9607-4DE8-A5D9-1E3151A61FB6}.Debug|Any CPU.Build.0 = Debug|x64
		{809258FC-9607-4DE8-A5D9-1E3151A61FB6}.Debug|x64.ActiveCfg = Debug|x64
		{809258FC-9607-4DE8-A5D9-1E3151A61FB6}.Debug|x64.Build.0 = Debug|x64
		{809258FC-9607-4DE8-A5D9-1E3151A61FB6}.Debug|x86.ActiveCfg = Debug|Win32
		{809258FC-9607-4DE8-A5D9-1E3151A61FB6}.Debug|x86.Build.0 = Debug|Win32
		{809258FC-9607-4DE8-A5D9-1E3151A61FB6}.Inner|Any CPU.ActiveCfg = Inner|x64
		{809258FC-9607-4DE8-A5D9-1E3151A61FB6}.Inner|Any CPU.Build.0 = Inner|x64
		{809258FC-9607-4DE8-A5D9-1E3151A61FB6}.Inner|x64.ActiveCfg = Inner|x64
		{809258FC-9607-4DE8-A5D9-1E3151A61FB6}.Inner|x64.Build.0 = Inner|x64
		{809258FC-9607-4DE8-A5D9-1E3151A61FB6}.Inner|x86.ActiveCfg = Inner|Win32
		{809258FC-9607-4DE8-A5D9-1E3151A61FB6}.Inner|x86.Build.0 = Inner|Win32
		{809258FC-9607-4DE8-A5D9-1E3151A61FB6}.Release|Any CPU.ActiveCfg = Release|x64
		{809258FC-9607-4DE8-A5D9-1E3151A61FB6}.Release|Any CPU.Build.0 = Release|x64
		{809258FC-9607-4DE8-A5D9-1E3151A61FB6}.Release|x64.ActiveCfg = Release|x64
		{809258FC-9607-4DE8-A5D9-1E3151A61FB6}.Release|x64.Build.0 = Release|x64
		{809258FC-9607-4DE8-A5D9-1E3151A61FB6}.Release|x86.ActiveCfg = Release|Win32
		{809258FC-9607-4DE8-A5D9-1E3151A61FB6}.Release|x86.Build.0 = Release|Win32
		{DAC09AED-7A7A-4C26-995E-95D30C60DE21}.build|Any CPU.ActiveCfg = Debug|Any CPU
		{DAC09AED-7A7A-4C26-995E-95D30C60DE21}.build|x64.ActiveCfg = Debug|Any CPU
		{DAC09AED-7A7A-4C26-995E-95D30C60DE21}.build|x86.ActiveCfg = Debug|Any CPU
		{DAC09AED-7A7A-4C26-995E-95D30C60DE21}.Debug|Any CPU.ActiveCfg = Debug|Any CPU
		{DAC09AED-7A7A-4C26-995E-95D30C60DE21}.Debug|x64.ActiveCfg = Debug|Any CPU
		{DAC09AED-7A7A-4C26-995E-95D30C60DE21}.Debug|x86.ActiveCfg = Debug|Any CPU
		{DAC09AED-7A7A-4C26-995E-95D30C60DE21}.Inner|Any CPU.ActiveCfg = Debug|Any CPU
		{DAC09AED-7A7A-4C26-995E-95D30C60DE21}.Inner|x64.ActiveCfg = Debug|Any CPU
		{DAC09AED-7A7A-4C26-995E-95D30C60DE21}.Inner|x86.ActiveCfg = Debug|Any CPU
		{DAC09AED-7A7A-4C26-995E-95D30C60DE21}.Release|Any CPU.ActiveCfg = Release|Any CPU
		{DAC09AED-7A7A-4C26-995E-95D30C60DE21}.Release|x64.ActiveCfg = Release|Any CPU
		{DAC09AED-7A7A-4C26-995E-95D30C60DE21}.Release|x86.ActiveCfg = Release|Any CPU
		{B0D633E9-3C09-4501-A41F-5EFB05CE842A}.build|Any CPU.ActiveCfg = Debug|Any CPU
		{B0D633E9-3C09-4501-A41F-5EFB05CE842A}.build|x64.ActiveCfg = Debug|Any CPU
		{B0D633E9-3C09-4501-A41F-5EFB05CE842A}.build|x86.ActiveCfg = Debug|Any CPU
		{B0D633E9-3C09-4501-A41F-5EFB05CE842A}.Debug|Any CPU.ActiveCfg = Debug|Any CPU
		{B0D633E9-3C09-4501-A41F-5EFB05CE842A}.Debug|x64.ActiveCfg = Debug|Any CPU
		{B0D633E9-3C09-4501-A41F-5EFB05CE842A}.Debug|x86.ActiveCfg = Debug|Any CPU
		{B0D633E9-3C09-4501-A41F-5EFB05CE842A}.Inner|Any CPU.ActiveCfg = Debug|Any CPU
		{B0D633E9-3C09-4501-A41F-5EFB05CE842A}.Inner|x64.ActiveCfg = Debug|Any CPU
		{B0D633E9-3C09-4501-A41F-5EFB05CE842A}.Inner|x86.ActiveCfg = Debug|Any CPU
		{B0D633E9-3C09-4501-A41F-5EFB05CE842A}.Release|Any CPU.ActiveCfg = Release|Any CPU
		{B0D633E9-3C09-4501-A41F-5EFB05CE842A}.Release|x64.ActiveCfg = Release|Any CPU
		{B0D633E9-3C09-4501-A41F-5EFB05CE842A}.Release|x86.ActiveCfg = Release|Any CPU
	EndGlobalSection
	GlobalSection(SolutionProperties) = preSolution
		HideSolutionNode = FALSE
	EndGlobalSection
	GlobalSection(ExtensibilityGlobals) = postSolution
		SolutionGuid = {0A4577C3-3088-4B6E-9BB1-7A3BD115DA2D}
	EndGlobalSection
EndGlobal
