
Microsoft Visual Studio Solution File, Format Version 12.00
# Visual Studio Version 17
VisualStudioVersion = 17.1.32228.430
MinimumVisualStudioVersion = 10.0.40219.1
Project("{8BC9CEB8-8B4A-11D0-8D11-00A0C91BC942}") = "ctdd", "ctdd\ctdd.vcxproj", "{809258FC-9607-4DE8-A5D9-1E3151A61FB6}"
EndProject
Project("{888888A0-9F3D-457C-B088-3A5042F75D52}") = "tddpy", "tddpy\tddpy.pyproj", "{5F5EFA84-B7F3-4CD6-AFEB-60291FEBEBB3}"
EndProject
Project("{8BC9CEB8-8B4A-11D0-8D11-00A0C91BC942}") = "ctdd_linux", "ctdd\ctdd_linux.vcxproj", "{ECD4F1FE-F476-4029-8BC1-08304F398B9C}"
EndProject
Project("{2150E333-8FDC-42A3-9474-1A3956D46DE8}") = "Solution Items", "Solution Items", "{A1F4148A-89BE-4BF6-89F8-4467A11542BA}"
	ProjectSection(SolutionItems) = preProject
		.gitattributes = .gitattributes
		.gitignore = .gitignore
		LICENSE = LICENSE
		MANIFEST.in = MANIFEST.in
		pyproject.toml = pyproject.toml
		README.md = README.md
		setup.cfg = setup.cfg
	EndProjectSection
EndProject
Project("{888888A0-9F3D-457C-B088-3A5042F75D52}") = "TensorNetwork", "..\TddTN\TensorNetwork.pyproj", "{DAC09AED-7A7A-4C26-995E-95D30C60DE21}"
EndProject
Global
	GlobalSection(SolutionConfigurationPlatforms) = preSolution
		buid_debug|Any CPU = buid_debug|Any CPU
		buid_debug|ARM = buid_debug|ARM
		buid_debug|ARM64 = buid_debug|ARM64
		buid_debug|x64 = buid_debug|x64
		buid_debug|x86 = buid_debug|x86
		build|Any CPU = build|Any CPU
		build|ARM = build|ARM
		build|ARM64 = build|ARM64
		build|x64 = build|x64
		build|x86 = build|x86
		Inner|Any CPU = Inner|Any CPU
		Inner|ARM = Inner|ARM
		Inner|ARM64 = Inner|ARM64
		Inner|x64 = Inner|x64
		Inner|x86 = Inner|x86
	EndGlobalSection
	GlobalSection(ProjectConfigurationPlatforms) = postSolution
		{809258FC-9607-4DE8-A5D9-1E3151A61FB6}.buid_debug|Any CPU.ActiveCfg = build|x64
		{809258FC-9607-4DE8-A5D9-1E3151A61FB6}.buid_debug|Any CPU.Build.0 = build|x64
		{809258FC-9607-4DE8-A5D9-1E3151A61FB6}.buid_debug|ARM.ActiveCfg = build|x64
		{809258FC-9607-4DE8-A5D9-1E3151A61FB6}.buid_debug|ARM.Build.0 = build|x64
		{809258FC-9607-4DE8-A5D9-1E3151A61FB6}.buid_debug|ARM64.ActiveCfg = build|x64
		{809258FC-9607-4DE8-A5D9-1E3151A61FB6}.buid_debug|ARM64.Build.0 = build|x64
		{809258FC-9607-4DE8-A5D9-1E3151A61FB6}.buid_debug|x64.ActiveCfg = build_debug|x64
		{809258FC-9607-4DE8-A5D9-1E3151A61FB6}.buid_debug|x64.Build.0 = build_debug|x64
		{809258FC-9607-4DE8-A5D9-1E3151A61FB6}.buid_debug|x86.ActiveCfg = build|Win32
		{809258FC-9607-4DE8-A5D9-1E3151A61FB6}.buid_debug|x86.Build.0 = build|Win32
		{809258FC-9607-4DE8-A5D9-1E3151A61FB6}.build|Any CPU.ActiveCfg = build|x64
		{809258FC-9607-4DE8-A5D9-1E3151A61FB6}.build|ARM.ActiveCfg = build|x64
		{809258FC-9607-4DE8-A5D9-1E3151A61FB6}.build|ARM.Build.0 = build|x64
		{809258FC-9607-4DE8-A5D9-1E3151A61FB6}.build|ARM64.ActiveCfg = build|x64
		{809258FC-9607-4DE8-A5D9-1E3151A61FB6}.build|ARM64.Build.0 = build|x64
		{809258FC-9607-4DE8-A5D9-1E3151A61FB6}.build|x64.ActiveCfg = build|x64
		{809258FC-9607-4DE8-A5D9-1E3151A61FB6}.build|x64.Build.0 = build|x64
		{809258FC-9607-4DE8-A5D9-1E3151A61FB6}.build|x86.ActiveCfg = build|Win32
		{809258FC-9607-4DE8-A5D9-1E3151A61FB6}.build|x86.Build.0 = build|Win32
		{809258FC-9607-4DE8-A5D9-1E3151A61FB6}.Inner|Any CPU.ActiveCfg = Inner|x64
		{809258FC-9607-4DE8-A5D9-1E3151A61FB6}.Inner|Any CPU.Build.0 = Inner|x64
		{809258FC-9607-4DE8-A5D9-1E3151A61FB6}.Inner|ARM.ActiveCfg = Inner|x64
		{809258FC-9607-4DE8-A5D9-1E3151A61FB6}.Inner|ARM.Build.0 = Inner|x64
		{809258FC-9607-4DE8-A5D9-1E3151A61FB6}.Inner|ARM64.ActiveCfg = Inner|x64
		{809258FC-9607-4DE8-A5D9-1E3151A61FB6}.Inner|ARM64.Build.0 = Inner|x64
		{809258FC-9607-4DE8-A5D9-1E3151A61FB6}.Inner|x64.ActiveCfg = Inner|x64
		{809258FC-9607-4DE8-A5D9-1E3151A61FB6}.Inner|x86.ActiveCfg = Inner|Win32
		{5F5EFA84-B7F3-4CD6-AFEB-60291FEBEBB3}.buid_debug|Any CPU.ActiveCfg = build|Any CPU
		{5F5EFA84-B7F3-4CD6-AFEB-60291FEBEBB3}.buid_debug|ARM.ActiveCfg = build|Any CPU
		{5F5EFA84-B7F3-4CD6-AFEB-60291FEBEBB3}.buid_debug|ARM64.ActiveCfg = build|Any CPU
		{5F5EFA84-B7F3-4CD6-AFEB-60291FEBEBB3}.buid_debug|x64.ActiveCfg = build|Any CPU
		{5F5EFA84-B7F3-4CD6-AFEB-60291FEBEBB3}.buid_debug|x86.ActiveCfg = build|Any CPU
		{5F5EFA84-B7F3-4CD6-AFEB-60291FEBEBB3}.build|Any CPU.ActiveCfg = build|Any CPU
		{5F5EFA84-B7F3-4CD6-AFEB-60291FEBEBB3}.build|ARM.ActiveCfg = build|Any CPU
		{5F5EFA84-B7F3-4CD6-AFEB-60291FEBEBB3}.build|ARM64.ActiveCfg = build|Any CPU
		{5F5EFA84-B7F3-4CD6-AFEB-60291FEBEBB3}.build|x64.ActiveCfg = build|Any CPU
		{5F5EFA84-B7F3-4CD6-AFEB-60291FEBEBB3}.build|x86.ActiveCfg = build|Any CPU
		{5F5EFA84-B7F3-4CD6-AFEB-60291FEBEBB3}.Inner|Any CPU.ActiveCfg = Debug|Any CPU
		{5F5EFA84-B7F3-4CD6-AFEB-60291FEBEBB3}.Inner|ARM.ActiveCfg = Release|Any CPU
		{5F5EFA84-B7F3-4CD6-AFEB-60291FEBEBB3}.Inner|ARM64.ActiveCfg = Release|Any CPU
		{5F5EFA84-B7F3-4CD6-AFEB-60291FEBEBB3}.Inner|x64.ActiveCfg = Release|Any CPU
		{5F5EFA84-B7F3-4CD6-AFEB-60291FEBEBB3}.Inner|x86.ActiveCfg = Release|Any CPU
		{ECD4F1FE-F476-4029-8BC1-08304F398B9C}.buid_debug|Any CPU.ActiveCfg = build|x64
		{ECD4F1FE-F476-4029-8BC1-08304F398B9C}.buid_debug|Any CPU.Build.0 = build|x64
		{ECD4F1FE-F476-4029-8BC1-08304F398B9C}.buid_debug|Any CPU.Deploy.0 = build|x64
		{ECD4F1FE-F476-4029-8BC1-08304F398B9C}.buid_debug|ARM.ActiveCfg = build|ARM
		{ECD4F1FE-F476-4029-8BC1-08304F398B9C}.buid_debug|ARM.Build.0 = build|ARM
		{ECD4F1FE-F476-4029-8BC1-08304F398B9C}.buid_debug|ARM.Deploy.0 = build|ARM
		{ECD4F1FE-F476-4029-8BC1-08304F398B9C}.buid_debug|ARM64.ActiveCfg = build|ARM64
		{ECD4F1FE-F476-4029-8BC1-08304F398B9C}.buid_debug|ARM64.Build.0 = build|ARM64
		{ECD4F1FE-F476-4029-8BC1-08304F398B9C}.buid_debug|ARM64.Deploy.0 = build|ARM64
		{ECD4F1FE-F476-4029-8BC1-08304F398B9C}.buid_debug|x64.ActiveCfg = build_debug|x64
		{ECD4F1FE-F476-4029-8BC1-08304F398B9C}.buid_debug|x64.Build.0 = build_debug|x64
		{ECD4F1FE-F476-4029-8BC1-08304F398B9C}.buid_debug|x64.Deploy.0 = build_debug|x64
		{ECD4F1FE-F476-4029-8BC1-08304F398B9C}.buid_debug|x86.ActiveCfg = build|x86
		{ECD4F1FE-F476-4029-8BC1-08304F398B9C}.buid_debug|x86.Build.0 = build|x86
		{ECD4F1FE-F476-4029-8BC1-08304F398B9C}.buid_debug|x86.Deploy.0 = build|x86
		{ECD4F1FE-F476-4029-8BC1-08304F398B9C}.build|Any CPU.ActiveCfg = build_debug|x64
		{ECD4F1FE-F476-4029-8BC1-08304F398B9C}.build|Any CPU.Deploy.0 = build_debug|x64
		{ECD4F1FE-F476-4029-8BC1-08304F398B9C}.build|ARM.ActiveCfg = build|ARM
		{ECD4F1FE-F476-4029-8BC1-08304F398B9C}.build|ARM.Build.0 = build|ARM
		{ECD4F1FE-F476-4029-8BC1-08304F398B9C}.build|ARM.Deploy.0 = build|ARM
		{ECD4F1FE-F476-4029-8BC1-08304F398B9C}.build|ARM64.ActiveCfg = build|ARM64
		{ECD4F1FE-F476-4029-8BC1-08304F398B9C}.build|ARM64.Build.0 = build|ARM64
		{ECD4F1FE-F476-4029-8BC1-08304F398B9C}.build|ARM64.Deploy.0 = build|ARM64
		{ECD4F1FE-F476-4029-8BC1-08304F398B9C}.build|x64.ActiveCfg = build|x64
		{ECD4F1FE-F476-4029-8BC1-08304F398B9C}.build|x64.Build.0 = build|x64
		{ECD4F1FE-F476-4029-8BC1-08304F398B9C}.build|x64.Deploy.0 = build|x64
		{ECD4F1FE-F476-4029-8BC1-08304F398B9C}.build|x86.ActiveCfg = build|x86
		{ECD4F1FE-F476-4029-8BC1-08304F398B9C}.build|x86.Build.0 = build|x86
		{ECD4F1FE-F476-4029-8BC1-08304F398B9C}.build|x86.Deploy.0 = build|x86
		{ECD4F1FE-F476-4029-8BC1-08304F398B9C}.Inner|Any CPU.ActiveCfg = build_debug|x64
		{ECD4F1FE-F476-4029-8BC1-08304F398B9C}.Inner|Any CPU.Build.0 = build_debug|x64
		{ECD4F1FE-F476-4029-8BC1-08304F398B9C}.Inner|ARM.ActiveCfg = build_debug|ARM
		{ECD4F1FE-F476-4029-8BC1-08304F398B9C}.Inner|ARM.Build.0 = build_debug|ARM
		{ECD4F1FE-F476-4029-8BC1-08304F398B9C}.Inner|ARM64.ActiveCfg = build_debug|ARM64
		{ECD4F1FE-F476-4029-8BC1-08304F398B9C}.Inner|ARM64.Build.0 = build_debug|ARM64
		{ECD4F1FE-F476-4029-8BC1-08304F398B9C}.Inner|x64.ActiveCfg = build_debug|x64
		{ECD4F1FE-F476-4029-8BC1-08304F398B9C}.Inner|x64.Build.0 = build_debug|x64
		{ECD4F1FE-F476-4029-8BC1-08304F398B9C}.Inner|x86.ActiveCfg = build_debug|x86
		{ECD4F1FE-F476-4029-8BC1-08304F398B9C}.Inner|x86.Build.0 = build_debug|x86
		{DAC09AED-7A7A-4C26-995E-95D30C60DE21}.buid_debug|Any CPU.ActiveCfg = build|Any CPU
		{DAC09AED-7A7A-4C26-995E-95D30C60DE21}.buid_debug|ARM.ActiveCfg = build|Any CPU
		{DAC09AED-7A7A-4C26-995E-95D30C60DE21}.buid_debug|ARM64.ActiveCfg = build|Any CPU
		{DAC09AED-7A7A-4C26-995E-95D30C60DE21}.buid_debug|x64.ActiveCfg = build|Any CPU
		{DAC09AED-7A7A-4C26-995E-95D30C60DE21}.buid_debug|x86.ActiveCfg = build|Any CPU
		{DAC09AED-7A7A-4C26-995E-95D30C60DE21}.build|Any CPU.ActiveCfg = build|Any CPU
		{DAC09AED-7A7A-4C26-995E-95D30C60DE21}.build|ARM.ActiveCfg = build|Any CPU
		{DAC09AED-7A7A-4C26-995E-95D30C60DE21}.build|ARM64.ActiveCfg = build|Any CPU
		{DAC09AED-7A7A-4C26-995E-95D30C60DE21}.build|x64.ActiveCfg = build|Any CPU
		{DAC09AED-7A7A-4C26-995E-95D30C60DE21}.build|x86.ActiveCfg = build|Any CPU
		{DAC09AED-7A7A-4C26-995E-95D30C60DE21}.Inner|Any CPU.ActiveCfg = Debug|Any CPU
		{DAC09AED-7A7A-4C26-995E-95D30C60DE21}.Inner|ARM.ActiveCfg = Release|Any CPU
		{DAC09AED-7A7A-4C26-995E-95D30C60DE21}.Inner|ARM64.ActiveCfg = Release|Any CPU
		{DAC09AED-7A7A-4C26-995E-95D30C60DE21}.Inner|x64.ActiveCfg = Release|Any CPU
		{DAC09AED-7A7A-4C26-995E-95D30C60DE21}.Inner|x86.ActiveCfg = Release|Any CPU
	EndGlobalSection
	GlobalSection(SolutionProperties) = preSolution
		HideSolutionNode = FALSE
	EndGlobalSection
	GlobalSection(ExtensibilityGlobals) = postSolution
		SolutionGuid = {717467B1-4252-4720-BA7A-4390BCBD62B9}
	EndGlobalSection
EndGlobal
