<?xml version="1.0" encoding="utf-8"?>
<Project ToolsVersion="4.0" xmlns="http://schemas.microsoft.com/developer/msbuild/2003">
  <ItemGroup>
    <Filter Include="资源文件">
      <UniqueIdentifier>{67DA6AB6-F800-4c08-8B7A-83BB121AAD01}</UniqueIdentifier>
      <Extensions>rc;ico;cur;bmp;dlg;rc2;rct;bin;rgs;gif;jpg;jpeg;jpe;resx;tiff;tif;png;wav;mfcribbon-ms</Extensions>
    </Filter>
    <Filter Include="interface">
      <UniqueIdentifier>{4ee1d293-44cb-42f2-8c63-d284f2a68c5b}</UniqueIdentifier>
    </Filter>
    <Filter Include="dependency">
      <UniqueIdentifier>{3990efc8-a418-4922-b4c9-5e3c69ea365a}</UniqueIdentifier>
    </Filter>
    <Filter Include="dependency\CUDAcpl">
      <UniqueIdentifier>{b8ad2fdc-5dce-42b3-93d0-0db986d82369}</UniqueIdentifier>
    </Filter>
    <Filter Include="templates &amp; headers">
      <UniqueIdentifier>{93995380-89BD-4b04-88EB-625FBE52EBFB}</UniqueIdentifier>
      <Extensions>h;hh;hpp;hxx;h++;hm;inl;inc;ipp;xsd</Extensions>
    </Filter>
    <Filter Include="sources">
      <UniqueIdentifier>{4FC737F1-C7A5-4376-A066-2A32D752A2FF}</UniqueIdentifier>
      <Extensions>cpp;c;cc;cxx;c++;cppm;ixx;def;odl;idl;hpj;bat;asm;asmx</Extensions>
    </Filter>
  </ItemGroup>
  <ItemGroup>
    <ClCompile Include="CUDAcpl.cpp">
      <Filter>dependency\CUDAcpl</Filter>
    </ClCompile>
    <ClCompile Include="ctddmodule.cpp">
      <Filter>interface</Filter>
    </ClCompile>
    <ClCompile Include="main_test.cpp">
      <Filter>interface</Filter>
    </ClCompile>
    <ClCompile Include="tdd.cpp">
      <Filter>sources</Filter>
    </ClCompile>
    <ClCompile Include="manage.cpp">
      <Filter>sources</Filter>
    </ClCompile>
  </ItemGroup>
  <ItemGroup>
    <ClInclude Include="config.h">
      <Filter>templates &amp; headers</Filter>
    </ClInclude>
    <ClInclude Include="stdafx.h">
      <Filter>templates &amp; headers</Filter>
    </ClInclude>
    <ClInclude Include="CUDAcpl.h">
      <Filter>dependency\CUDAcpl</Filter>
    </ClInclude>
    <ClInclude Include="weight.hpp">
      <Filter>templates &amp; headers</Filter>
    </ClInclude>
    <ClInclude Include="node.hpp">
      <Filter>templates &amp; headers</Filter>
    </ClInclude>
    <ClInclude Include="cache.hpp">
      <Filter>templates &amp; headers</Filter>
    </ClInclude>
    <ClInclude Include="wnode.hpp">
      <Filter>templates &amp; headers</Filter>
    </ClInclude>
    <ClInclude Include="tdd.hpp">
      <Filter>templates &amp; headers</Filter>
    </ClInclude>
    <ClInclude Include="simpletools.h">
      <Filter>dependency</Filter>
    </ClInclude>
    <ClInclude Include="ThreadPool.h">
      <Filter>dependency</Filter>
    </ClInclude>
    <ClInclude Include="manage.hpp">
      <Filter>templates &amp; headers</Filter>
    </ClInclude>
  </ItemGroup>
</Project>